<?xml version="1.0"?>
<CONFIG>
  <ProjectOptions>
    <PathDelim Value="/"/>
    <Version Value="6"/>
    <General>
      <MainUnit Value="0"/>
      <IconPath Value="./"/>
      <TargetFileExt Value=""/>
      <ActiveEditorIndexAtStart Value="7"/>
    </General>
    <VersionInfo>
      <ProjectVersion Value=""/>
      <Language Value=""/>
      <CharSet Value=""/>
    </VersionInfo>
    <PublishOptions>
      <Version Value="2"/>
      <IgnoreBinaries Value="False"/>
      <IncludeFileFilter Value="*.(pas|pp|inc|lfm|lpr|lrs|lpi|lpk|sh|xml)"/>
      <ExcludeFileFilter Value="*.(bak|ppu|ppw|o|so);*~;backup"/>
    </PublishOptions>
    <RunParams>
      <local>
        <FormatVersion Value="1"/>
        <LaunchingApplication PathPlusParams="/usr/X11R6/bin/xterm -T 'Lazarus Run Output' -e $(LazarusDir)/tools/runwait.sh $(TargetCmdLine)"/>
      </local>
    </RunParams>
    <RequiredPackages Count="1">
      <Item1>
        <PackageName Value="LCL"/>
      </Item1>
    </RequiredPackages>
    <Units Count="24">
      <Unit0>
        <Filename Value="tftasolver.lpr"/>
        <IsPartOfProject Value="True"/>
        <UnitName Value="tftasolver"/>
        <CursorPos X="64" Y="16"/>
        <TopLine Value="1"/>
        <UsageCount Value="301"/>
      </Unit0>
      <Unit1>
        <Filename Value="utftasolver.pas"/>
        <ComponentName Value="Hauptfenster"/>
        <IsPartOfProject Value="True"/>
        <ResourceBaseClass Value="Form"/>
        <ResourceFilename Value="utftasolver.lrs"/>
        <UnitName Value="utftasolver"/>
        <CursorPos X="51" Y="28"/>
        <TopLine Value="1"/>
        <UsageCount Value="301"/>
      </Unit1>
      <Unit2>
        <Filename Value="sjspointertools.pas"/>
        <IsPartOfProject Value="True"/>
        <UnitName Value="sjspointertools"/>
        <CursorPos X="26" Y="39"/>
        <TopLine Value="5"/>
        <UsageCount Value="301"/>
      </Unit2>
      <Unit3>
        <Filename Value="tftaereignisse.pas"/>
        <IsPartOfProject Value="True"/>
        <UnitName Value="tftaereignisse"/>
        <CursorPos X="1" Y="1"/>
        <TopLine Value="1"/>
        <UsageCount Value="301"/>
      </Unit3>
      <Unit4>
        <Filename Value="tftastruktur.pas"/>
        <IsPartOfProject Value="True"/>
        <UnitName Value="tftastruktur"/>
        <UsageCount Value="301"/>
        <SyntaxHighlighter Value="Text"/>
      </Unit4>
      <Unit5>
        <Filename Value="utftaexpression.pas"/>
        <IsPartOfProject Value="True"/>
        <UnitName Value="utftaexpression"/>
        <CursorPos X="1" Y="331"/>
        <TopLine Value="308"/>
        <EditorIndex Value="6"/>
        <UsageCount Value="301"/>
        <Loaded Value="True"/>
      </Unit5>
      <Unit6>
        <Filename Value="utftaformabout.pas"/>
        <ComponentName Value="FormAbout"/>
        <HasResources Value="True"/>
        <IsPartOfProject Value="True"/>
        <ResourceBaseClass Value="Form"/>
        <ResourceFilename Value="utftaformabout.lrs"/>
        <UnitName Value="utftaformabout"/>
        <CursorPos X="79" Y="5"/>
        <TopLine Value="1"/>
        <UsageCount Value="301"/>
      </Unit6>
      <Unit7>
        <Filename Value="utftaformdebugmessages.pas"/>
        <ComponentName Value="FormDebugMeldungen"/>
        <HasResources Value="True"/>
        <IsPartOfProject Value="True"/>
        <ResourceBaseClass Value="Form"/>
        <ResourceFilename Value="utftaformdebugmessages.lrs"/>
        <UnitName Value="utftaformdebugmessages"/>
        <CursorPos X="1" Y="1"/>
        <TopLine Value="1"/>
        <EditorIndex Value="1"/>
        <UsageCount Value="301"/>
        <Loaded Value="True"/>
      </Unit7>
      <Unit8>
        <Filename Value="utftaformtftasolver.pas"/>
        <ComponentName Value="TFTAMainWindow"/>
        <HasResources Value="True"/>
        <IsPartOfProject Value="True"/>
        <ResourceBaseClass Value="Form"/>
        <ResourceFilename Value="utftaformtftasolver.lrs"/>
        <UnitName Value="utftaformtftasolver"/>
        <CursorPos X="42" Y="264"/>
        <TopLine Value="234"/>
        <EditorIndex Value="8"/>
        <UsageCount Value="301"/>
        <Loaded Value="True"/>
      </Unit8>
      <Unit9>
        <Filename Value="utftalist.pas"/>
        <IsPartOfProject Value="True"/>
        <UnitName Value="utftalist"/>
        <UsageCount Value="301"/>
        <SyntaxHighlighter Value="Text"/>
      </Unit9>
      <Unit10>
        <Filename Value="utftalogik.pas"/>
        <IsPartOfProject Value="True"/>
        <UnitName Value="utftalogik"/>
        <CursorPos X="24" Y="274"/>
        <TopLine Value="240"/>
        <EditorIndex Value="7"/>
        <UsageCount Value="301"/>
        <Loaded Value="True"/>
      </Unit10>
      <Unit11>
        <Filename Value="utftaobject_object.pas"/>
        <IsPartOfProject Value="True"/>
        <UnitName Value="utftaobject_object"/>
        <CursorPos X="1" Y="291"/>
        <TopLine Value="268"/>
        <EditorIndex Value="5"/>
        <UsageCount Value="301"/>
        <Loaded Value="True"/>
      </Unit11>
      <Unit12>
        <Filename Value="utftasolver.lfm"/>
        <IsPartOfProject Value="True"/>
        <UsageCount Value="301"/>
        <SyntaxHighlighter Value="Text"/>
      </Unit12>
      <Unit13>
        <Filename Value="tftasolver.lfm"/>
        <IsPartOfProject Value="True"/>
        <UsageCount Value="301"/>
        <SyntaxHighlighter Value="Text"/>
      </Unit13>
      <Unit14>
        <Filename Value="utftaformabout.lfm"/>
        <IsPartOfProject Value="True"/>
        <CursorPos X="1" Y="1"/>
        <TopLine Value="1"/>
        <UsageCount Value="301"/>
        <SyntaxHighlighter Value="LFM"/>
      </Unit14>
      <Unit15>
        <Filename Value="utftaformdebugmessages.lfm"/>
        <IsPartOfProject Value="True"/>
        <UsageCount Value="301"/>
        <SyntaxHighlighter Value="Text"/>
      </Unit15>
      <Unit16>
        <Filename Value="utftaformtftasolver.lfm"/>
        <IsPartOfProject Value="True"/>
        <CursorPos X="1" Y="979"/>
        <TopLine Value="957"/>
        <UsageCount Value="301"/>
        <SyntaxHighlighter Value="LFM"/>
      </Unit16>
      <Unit17>
        <Filename Value="../../../../../../../usr/lib/lazarus/lcl/include/control.inc"/>
        <CursorPos X="92" Y="2091"/>
        <TopLine Value="2073"/>
        <UsageCount Value="6"/>
      </Unit17>
      <Unit18>
        <Filename Value="utftastringlist.pas"/>
        <IsPartOfProject Value="True"/>
        <UnitName Value="utftastringlist"/>
        <CursorPos X="1" Y="189"/>
        <TopLine Value="148"/>
        <EditorIndex Value="0"/>
        <UsageCount Value="155"/>
        <Loaded Value="True"/>
      </Unit18>
      <Unit19>
        <Filename Value="testmode.conf"/>
        <IsPartOfProject Value="True"/>
        <CursorPos X="13" Y="26"/>
        <TopLine Value="1"/>
        <UsageCount Value="132"/>
        <SyntaxHighlighter Value="None"/>
      </Unit19>
      <Unit20>
        <Filename Value="../../../../../../../usr/lib/lazarus/lcl/include/custommemo.inc"/>
        <CursorPos X="67" Y="49"/>
        <TopLine Value="43"/>
        <UsageCount Value="1"/>
      </Unit20>
      <Unit21>
        <Filename Value="utftaobject_list.pas"/>
        <UnitName Value="utftaobject_list"/>
        <CursorPos X="113" Y="102"/>
        <TopLine Value="94"/>
        <EditorIndex Value="3"/>
        <UsageCount Value="34"/>
        <Loaded Value="True"/>
      </Unit21>
      <Unit22>
        <Filename Value="utftaobject_lookuplist.pas"/>
        <UnitName Value="utftaobject_lookuplist"/>
        <CursorPos X="40" Y="165"/>
        <TopLine Value="153"/>
        <EditorIndex Value="4"/>
        <UsageCount Value="34"/>
        <Loaded Value="True"/>
      </Unit22>
      <Unit23>
        <Filename Value="utftaobject.pas"/>
        <UnitName Value="utftaobject"/>
        <CursorPos X="24" Y="40"/>
        <TopLine Value="17"/>
        <EditorIndex Value="2"/>
        <UsageCount Value="34"/>
        <Loaded Value="True"/>
      </Unit23>
    </Units>
    <JumpHistory Count="30" HistoryIndex="29">
      <Position1>
        <Filename Value="utftaobject_object.pas"/>
        <Caret Line="291" Column="1" TopLine="268"/>
      </Position1>
      <Position2>
        <Filename Value="utftaobject_object.pas"/>
        <Caret Line="297" Column="1" TopLine="274"/>
      </Position2>
      <Position3>
        <Filename Value="utftaobject_object.pas"/>
        <Caret Line="291" Column="1" TopLine="268"/>
      </Position3>
      <Position4>
        <Filename Value="utftalogik.pas"/>
        <Caret Line="1323" Column="1" TopLine="1300"/>
      </Position4>
      <Position5>
        <Filename Value="utftaobject_object.pas"/>
        <Caret Line="291" Column="1" TopLine="268"/>
      </Position5>
      <Position6>
        <Filename Value="utftaobject_object.pas"/>
        <Caret Line="297" Column="1" TopLine="274"/>
      </Position6>
      <Position7>
        <Filename Value="utftaobject_object.pas"/>
        <Caret Line="291" Column="1" TopLine="268"/>
      </Position7>
      <Position8>
        <Filename Value="utftalogik.pas"/>
        <Caret Line="1323" Column="1" TopLine="1300"/>
      </Position8>
      <Position9>
        <Filename Value="utftaobject_object.pas"/>
        <Caret Line="291" Column="1" TopLine="268"/>
      </Position9>
      <Position10>
        <Filename Value="utftalogik.pas"/>
        <Caret Line="1323" Column="1" TopLine="1300"/>
      </Position10>
      <Position11>
        <Filename Value="utftaobject_object.pas"/>
        <Caret Line="291" Column="1" TopLine="268"/>
      </Position11>
      <Position12>
        <Filename Value="utftalogik.pas"/>
        <Caret Line="1323" Column="1" TopLine="1300"/>
      </Position12>
      <Position13>
        <Filename Value="utftaobject_object.pas"/>
        <Caret Line="291" Column="1" TopLine="268"/>
      </Position13>
      <Position14>
        <Filename Value="utftalogik.pas"/>
        <Caret Line="1323" Column="1" TopLine="1300"/>
      </Position14>
      <Position15>
        <Filename Value="utftaobject_object.pas"/>
        <Caret Line="291" Column="1" TopLine="268"/>
      </Position15>
      <Position16>
        <Filename Value="utftalogik.pas"/>
        <Caret Line="1323" Column="1" TopLine="1300"/>
      </Position16>
      <Position17>
        <Filename Value="utftaobject_object.pas"/>
        <Caret Line="291" Column="1" TopLine="268"/>
      </Position17>
      <Position18>
        <Filename Value="utftalogik.pas"/>
        <Caret Line="1323" Column="1" TopLine="1300"/>
      </Position18>
      <Position19>
        <Filename Value="utftaobject_object.pas"/>
        <Caret Line="291" Column="1" TopLine="268"/>
      </Position19>
      <Position20>
        <Filename Value="utftalogik.pas"/>
        <Caret Line="1323" Column="1" TopLine="1300"/>
      </Position20>
      <Position21>
        <Filename Value="utftaobject_object.pas"/>
        <Caret Line="291" Column="1" TopLine="268"/>
      </Position21>
      <Position22>
        <Filename Value="utftalogik.pas"/>
        <Caret Line="1323" Column="1" TopLine="1300"/>
      </Position22>
      <Position23>
        <Filename Value="utftaobject_object.pas"/>
        <Caret Line="291" Column="1" TopLine="268"/>
      </Position23>
      <Position24>
        <Filename Value="utftalogik.pas"/>
        <Caret Line="1323" Column="1" TopLine="1300"/>
      </Position24>
      <Position25>
        <Filename Value="utftaobject_object.pas"/>
        <Caret Line="291" Column="1" TopLine="268"/>
      </Position25>
      <Position26>
        <Filename Value="utftalogik.pas"/>
        <Caret Line="1323" Column="1" TopLine="1300"/>
      </Position26>
      <Position27>
        <Filename Value="utftaobject_object.pas"/>
        <Caret Line="291" Column="1" TopLine="268"/>
      </Position27>
      <Position28>
        <Filename Value="utftalogik.pas"/>
        <Caret Line="1323" Column="1" TopLine="1300"/>
      </Position28>
      <Position29>
        <Filename Value="utftaobject_object.pas"/>
        <Caret Line="291" Column="1" TopLine="268"/>
      </Position29>
      <Position30>
        <Filename Value="utftalogik.pas"/>
        <Caret Line="1323" Column="1" TopLine="1304"/>
      </Position30>
    </JumpHistory>
  </ProjectOptions>
  <CompilerOptions>
    <Version Value="8"/>
    <SearchPaths>
      <OtherUnitFiles Value="/home/simon/99_publikationen/15_FPC/01_TFTA_Solver/"/>
    </SearchPaths>
    <Parsing>
      <SyntaxOptions>
        <CStyleOperator Value="False"/>
      </SyntaxOptions>
    </Parsing>
    <Linking>
      <Options>
        <Win32>
          <GraphicApplication Value="True"/>
        </Win32>
      </Options>
    </Linking>
    <Other>
      <Verbosity>
        <ShowCond Value="True"/>
        <ShowHintsForUnusedUnitsInMainSrc Value="True"/>
      </Verbosity>
      <CompilerPath Value="$(CompPath)"/>
    </Other>
  </CompilerOptions>
  <Debugging>
    <BreakPoints Count="7">
      <Item1>
        <Source Value="utftaobject.pas"/>
        <Line Value="339"/>
      </Item1>
      <Item2>
        <Source Value="utftaobject.pas"/>
        <Line Value="338"/>
      </Item2>
      <Item3>
        <Source Value="utftaobject.pas"/>
        <Line Value="334"/>
      </Item3>
      <Item4>
        <Source Value="utftaobject.pas"/>
        <Line Value="337"/>
      </Item4>
      <Item5>
        <Source Value="utftaobject.pas"/>
        <Line Value="333"/>
      </Item5>
      <Item6>
        <Source Value="utftaobject.pas"/>
        <Line Value="332"/>
      </Item6>
      <Item7>
        <Source Value="utftaobject.pas"/>
        <Line Value="331"/>
      </Item7>
    </BreakPoints>
    <Watches Count="3">
      <Item1>
        <Expression Value="VExpr"/>
      </Item1>
      <Item2>
        <Expression Value="newTerm"/>
      </Item2>
      <Item3>
        <Expression Value="currentTerm"/>
      </Item3>
    </Watches>
    <Exceptions Count="2">
      <Item1>
        <Name Value="ECodetoolError"/>
      </Item1>
      <Item2>
        <Name Value="EFOpenError"/>
      </Item2>
    </Exceptions>
  </Debugging>
</CONFIG>
