<?xml version="1.0"?>
<CONFIG>
  <ProjectOptions>
    <PathDelim Value="/"/>
    <Version Value="6"/>
    <General>
      <MainUnit Value="0"/>
      <IconPath Value="./"/>
      <TargetFileExt Value=""/>
      <ActiveEditorIndexAtStart Value="0"/>
    </General>
    <VersionInfo>
      <ProjectVersion Value=""/>
      <Language Value=""/>
      <CharSet Value=""/>
    </VersionInfo>
    <PublishOptions>
      <Version Value="2"/>
      <IgnoreBinaries Value="False"/>
      <IncludeFileFilter Value="*.(pas|pp|inc|lfm|lpr|lrs|lpi|lpk|sh|xml)"/>
      <ExcludeFileFilter Value="*.(bak|ppu|ppw|o|so);*~;backup"/>
    </PublishOptions>
    <RunParams>
      <local>
        <FormatVersion Value="1"/>
        <LaunchingApplication PathPlusParams="/usr/X11R6/bin/xterm -T 'Lazarus Run Output' -e $(LazarusDir)/tools/runwait.sh $(TargetCmdLine)"/>
      </local>
    </RunParams>
    <RequiredPackages Count="1">
      <Item1>
        <PackageName Value="LCL"/>
      </Item1>
    </RequiredPackages>
    <Units Count="21">
      <Unit0>
        <Filename Value="tftasolver.lpr"/>
        <IsPartOfProject Value="True"/>
        <UnitName Value="tftasolver"/>
        <CursorPos X="27" Y="9"/>
        <TopLine Value="1"/>
        <EditorIndex Value="0"/>
        <UsageCount Value="301"/>
        <Loaded Value="True"/>
      </Unit0>
      <Unit1>
        <Filename Value="utftasolver.pas"/>
        <ComponentName Value="Hauptfenster"/>
        <IsPartOfProject Value="True"/>
        <ResourceBaseClass Value="Form"/>
        <ResourceFilename Value="utftasolver.lrs"/>
        <UnitName Value="utftasolver"/>
        <CursorPos X="51" Y="28"/>
        <TopLine Value="1"/>
        <UsageCount Value="301"/>
      </Unit1>
      <Unit2>
        <Filename Value="sjspointertools.pas"/>
        <IsPartOfProject Value="True"/>
        <UnitName Value="sjspointertools"/>
        <CursorPos X="66" Y="27"/>
        <TopLine Value="10"/>
        <EditorIndex Value="1"/>
        <UsageCount Value="301"/>
        <Loaded Value="True"/>
      </Unit2>
      <Unit3>
        <Filename Value="tftaereignisse.pas"/>
        <IsPartOfProject Value="True"/>
        <UnitName Value="tftaereignisse"/>
        <CursorPos X="1" Y="1"/>
        <TopLine Value="1"/>
        <UsageCount Value="301"/>
      </Unit3>
      <Unit4>
        <Filename Value="tftastruktur.pas"/>
        <IsPartOfProject Value="True"/>
        <UnitName Value="tftastruktur"/>
        <UsageCount Value="301"/>
        <SyntaxHighlighter Value="Text"/>
      </Unit4>
      <Unit5>
        <Filename Value="utftaexpression.pas"/>
        <IsPartOfProject Value="True"/>
        <UnitName Value="utftaexpression"/>
        <CursorPos X="89" Y="315"/>
        <TopLine Value="539"/>
        <EditorIndex Value="3"/>
        <UsageCount Value="301"/>
        <Loaded Value="True"/>
      </Unit5>
      <Unit6>
        <Filename Value="utftaformabout.pas"/>
        <HasResources Value="True"/>
        <IsPartOfProject Value="True"/>
        <ResourceFilename Value="utftaformabout.lrs"/>
        <UnitName Value="utftaformabout"/>
        <UsageCount Value="301"/>
        <SyntaxHighlighter Value="Text"/>
      </Unit6>
      <Unit7>
        <Filename Value="utftaformdebugmessages.pas"/>
        <HasResources Value="True"/>
        <IsPartOfProject Value="True"/>
        <ResourceFilename Value="utftaformdebugmessages.lrs"/>
        <UnitName Value="utftaformdebugmessages"/>
        <UsageCount Value="301"/>
        <SyntaxHighlighter Value="Text"/>
      </Unit7>
      <Unit8>
        <Filename Value="utftaformtftasolver.pas"/>
        <ComponentName Value="TFTAMainWindow"/>
        <HasResources Value="True"/>
        <IsPartOfProject Value="True"/>
        <ResourceBaseClass Value="Form"/>
        <ResourceFilename Value="utftaformtftasolver.lrs"/>
        <UnitName Value="utftaformtftasolver"/>
        <CursorPos X="31" Y="167"/>
        <TopLine Value="264"/>
        <EditorIndex Value="5"/>
        <UsageCount Value="301"/>
        <Loaded Value="True"/>
      </Unit8>
      <Unit9>
        <Filename Value="utftalist.pas"/>
        <IsPartOfProject Value="True"/>
        <UnitName Value="utftalist"/>
        <UsageCount Value="301"/>
        <SyntaxHighlighter Value="Text"/>
      </Unit9>
      <Unit10>
        <Filename Value="utftalogik.pas"/>
        <IsPartOfProject Value="True"/>
        <UnitName Value="utftalogik"/>
        <CursorPos X="108" Y="757"/>
        <TopLine Value="836"/>
        <EditorIndex Value="4"/>
        <UsageCount Value="301"/>
        <Loaded Value="True"/>
      </Unit10>
      <Unit11>
        <Filename Value="utftaobject.pas"/>
        <IsPartOfProject Value="True"/>
        <UnitName Value="utftaobject"/>
        <CursorPos X="44" Y="378"/>
        <TopLine Value="1086"/>
        <EditorIndex Value="2"/>
        <UsageCount Value="301"/>
        <Loaded Value="True"/>
      </Unit11>
      <Unit12>
        <Filename Value="utftasolver.lfm"/>
        <IsPartOfProject Value="True"/>
        <UsageCount Value="301"/>
        <SyntaxHighlighter Value="Text"/>
      </Unit12>
      <Unit13>
        <Filename Value="tftasolver.lfm"/>
        <IsPartOfProject Value="True"/>
        <UsageCount Value="301"/>
        <SyntaxHighlighter Value="Text"/>
      </Unit13>
      <Unit14>
        <Filename Value="utftaformabout.lfm"/>
        <IsPartOfProject Value="True"/>
        <UsageCount Value="301"/>
        <SyntaxHighlighter Value="Text"/>
      </Unit14>
      <Unit15>
        <Filename Value="utftaformdebugmessages.lfm"/>
        <IsPartOfProject Value="True"/>
        <UsageCount Value="301"/>
        <SyntaxHighlighter Value="Text"/>
      </Unit15>
      <Unit16>
        <Filename Value="utftaformtftasolver.lfm"/>
        <IsPartOfProject Value="True"/>
        <CursorPos X="1" Y="979"/>
        <TopLine Value="957"/>
        <UsageCount Value="301"/>
        <SyntaxHighlighter Value="LFM"/>
      </Unit16>
      <Unit17>
        <Filename Value="../../../../../../../usr/lib/lazarus/lcl/include/control.inc"/>
        <CursorPos X="1" Y="2096"/>
        <TopLine Value="2075"/>
        <UsageCount Value="9"/>
      </Unit17>
      <Unit18>
        <Filename Value="utftaeventlookuplist.pas"/>
        <UnitName Value="utftaeventlookuplist"/>
        <CursorPos X="1" Y="1"/>
        <TopLine Value="1"/>
        <UsageCount Value="10"/>
      </Unit18>
      <Unit19>
        <Filename Value="../../../../../../../usr/lib/lazarus/lcl/include/application.inc"/>
        <CursorPos X="1" Y="285"/>
        <TopLine Value="265"/>
        <UsageCount Value="6"/>
      </Unit19>
      <Unit20>
        <Filename Value="../../../../../../../usr/lib/lazarus/lcl/include/treeview.inc"/>
        <CursorPos X="1" Y="2204"/>
        <TopLine Value="2183"/>
        <UsageCount Value="7"/>
      </Unit20>
    </Units>
    <JumpHistory Count="19" HistoryIndex="18">
      <Position1>
        <Filename Value="utftaexpression.pas"/>
        <Caret Line="112" Column="1" TopLine="92"/>
      </Position1>
      <Position2>
        <Filename Value="utftaexpression.pas"/>
        <Caret Line="113" Column="1" TopLine="93"/>
      </Position2>
      <Position3>
        <Filename Value="utftaexpression.pas"/>
        <Caret Line="114" Column="1" TopLine="94"/>
      </Position3>
      <Position4>
        <Filename Value="utftaexpression.pas"/>
        <Caret Line="115" Column="1" TopLine="95"/>
      </Position4>
      <Position5>
        <Filename Value="utftaformtftasolver.pas"/>
        <Caret Line="59" Column="27" TopLine="48"/>
      </Position5>
      <Position6>
        <Filename Value="utftaformtftasolver.pas"/>
        <Caret Line="165" Column="25" TopLine="145"/>
      </Position6>
      <Position7>
        <Filename Value="utftaformtftasolver.pas"/>
        <Caret Line="168" Column="55" TopLine="148"/>
      </Position7>
      <Position8>
        <Filename Value="utftaformtftasolver.pas"/>
        <Caret Line="157" Column="7" TopLine="140"/>
      </Position8>
      <Position9>
        <Filename Value="utftaformtftasolver.pas"/>
        <Caret Line="165" Column="1" TopLine="145"/>
      </Position9>
      <Position10>
        <Filename Value="utftaformtftasolver.pas"/>
        <Caret Line="166" Column="1" TopLine="146"/>
      </Position10>
      <Position11>
        <Filename Value="utftaformtftasolver.pas"/>
        <Caret Line="169" Column="1" TopLine="149"/>
      </Position11>
      <Position12>
        <Filename Value="utftalogik.pas"/>
        <Caret Line="901" Column="81" TopLine="876"/>
      </Position12>
      <Position13>
        <Filename Value="utftalogik.pas"/>
        <Caret Line="56" Column="98" TopLine="36"/>
      </Position13>
      <Position14>
        <Filename Value="utftaexpression.pas"/>
        <Caret Line="315" Column="75" TopLine="310"/>
      </Position14>
      <Position15>
        <Filename Value="utftalogik.pas"/>
        <Caret Line="322" Column="58" TopLine="264"/>
      </Position15>
      <Position16>
        <Filename Value="utftalogik.pas"/>
        <Caret Line="690" Column="1" TopLine="678"/>
      </Position16>
      <Position17>
        <Filename Value="utftaobject.pas"/>
        <Caret Line="236" Column="82" TopLine="228"/>
      </Position17>
      <Position18>
        <Filename Value="tftasolver.lpr"/>
        <Caret Line="7" Column="51" TopLine="1"/>
      </Position18>
      <Position19>
        <Filename Value="tftasolver.lpr"/>
        <Caret Line="8" Column="7" TopLine="1"/>
      </Position19>
    </JumpHistory>
  </ProjectOptions>
  <CompilerOptions>
    <Version Value="8"/>
    <Parsing>
      <SyntaxOptions>
        <CStyleOperator Value="False"/>
      </SyntaxOptions>
    </Parsing>
    <Linking>
      <Options>
        <Win32>
          <GraphicApplication Value="True"/>
        </Win32>
      </Options>
    </Linking>
    <Other>
      <CompilerPath Value="$(CompPath)"/>
    </Other>
  </CompilerOptions>
  <Debugging>
    <Watches Count="3">
      <Item1>
        <Expression Value="VExpr"/>
      </Item1>
      <Item2>
        <Expression Value="newTerm"/>
      </Item2>
      <Item3>
        <Expression Value="currentTerm"/>
      </Item3>
    </Watches>
    <Exceptions Count="2">
      <Item1>
        <Name Value="ECodetoolError"/>
      </Item1>
      <Item2>
        <Name Value="EFOpenError"/>
      </Item2>
    </Exceptions>
  </Debugging>
</CONFIG>
